// !$*UTF8*$!
{
	archiveVersion = 1;
	classes = {
	};
	objectVersion = 55;
	objects = {

/* Begin PBXBuildFile section */
		1C2860AA28AE850E00C9A60E /* ToDoItemTests.swift in Sources */ = {isa = PBXBuildFile; fileRef = 1C2860A928AE850E00C9A60E /* ToDoItemTests.swift */; };
		1C2860AC28AE860300C9A60E /* ToDoItem.swift in Sources */ = {isa = PBXBuildFile; fileRef = 1C2860AB28AE860300C9A60E /* ToDoItem.swift */; };
		1C2860AE28AEA2C000C9A60E /* Location.swift in Sources */ = {isa = PBXBuildFile; fileRef = 1C2860AD28AEA2C000C9A60E /* Location.swift */; };
		1C2860B028AEAC0100C9A60E /* LocationTests.swift in Sources */ = {isa = PBXBuildFile; fileRef = 1C2860AF28AEAC0100C9A60E /* LocationTests.swift */; };
		1C803D8C28AC18CB005A12B1 /* AppDelegate.swift in Sources */ = {isa = PBXBuildFile; fileRef = 1C803D8B28AC18CB005A12B1 /* AppDelegate.swift */; };
		1C803D8E28AC18CB005A12B1 /* SceneDelegate.swift in Sources */ = {isa = PBXBuildFile; fileRef = 1C803D8D28AC18CB005A12B1 /* SceneDelegate.swift */; };
		1C803D9028AC18CB005A12B1 /* ViewController.swift in Sources */ = {isa = PBXBuildFile; fileRef = 1C803D8F28AC18CB005A12B1 /* ViewController.swift */; };
		1C803D9328AC18CB005A12B1 /* Main.storyboard in Resources */ = {isa = PBXBuildFile; fileRef = 1C803D9128AC18CB005A12B1 /* Main.storyboard */; };
		1C803D9528AC18CE005A12B1 /* Assets.xcassets in Resources */ = {isa = PBXBuildFile; fileRef = 1C803D9428AC18CE005A12B1 /* Assets.xcassets */; };
		1C803D9828AC18CE005A12B1 /* LaunchScreen.storyboard in Resources */ = {isa = PBXBuildFile; fileRef = 1C803D9628AC18CE005A12B1 /* LaunchScreen.storyboard */; };
		1C803DAD28AC18CE005A12B1 /* ToDoUITests.swift in Sources */ = {isa = PBXBuildFile; fileRef = 1C803DAC28AC18CE005A12B1 /* ToDoUITests.swift */; };
		1C803DAF28AC18CF005A12B1 /* ToDoUITestsLaunchTests.swift in Sources */ = {isa = PBXBuildFile; fileRef = 1C803DAE28AC18CF005A12B1 /* ToDoUITestsLaunchTests.swift */; };
		1CB5811228AFDDB1002B7D20 /* ToDoItemStoreTests.swift in Sources */ = {isa = PBXBuildFile; fileRef = 1CB5811128AFDDB1002B7D20 /* ToDoItemStoreTests.swift */; };
		1CB5811428AFDE84002B7D20 /* ToDoItemStore.swift in Sources */ = {isa = PBXBuildFile; fileRef = 1CB5811328AFDE84002B7D20 /* ToDoItemStore.swift */; };
		1CB5811628B14463002B7D20 /* Coordinate.swift in Sources */ = {isa = PBXBuildFile; fileRef = 1CB5811528B14463002B7D20 /* Coordinate.swift */; };
		1CB5811828B14A6B002B7D20 /* FileManagerExtension.swift in Sources */ = {isa = PBXBuildFile; fileRef = 1CB5811728B14A6B002B7D20 /* FileManagerExtension.swift */; };
/* End PBXBuildFile section */

/* Begin PBXContainerItemProxy section */
		1C803D9F28AC18CE005A12B1 /* PBXContainerItemProxy */ = {
			isa = PBXContainerItemProxy;
			containerPortal = 1C803D8028AC18CB005A12B1 /* Project object */;
			proxyType = 1;
			remoteGlobalIDString = 1C803D8728AC18CB005A12B1;
			remoteInfo = ToDo;
		};
		1C803DA928AC18CE005A12B1 /* PBXContainerItemProxy */ = {
			isa = PBXContainerItemProxy;
			containerPortal = 1C803D8028AC18CB005A12B1 /* Project object */;
			proxyType = 1;
			remoteGlobalIDString = 1C803D8728AC18CB005A12B1;
			remoteInfo = ToDo;
		};
/* End PBXContainerItemProxy section */

/* Begin PBXFileReference section */
		1C2860A928AE850E00C9A60E /* ToDoItemTests.swift */ = {isa = PBXFileReference; lastKnownFileType = sourcecode.swift; path = ToDoItemTests.swift; sourceTree = "<group>"; };
		1C2860AB28AE860300C9A60E /* ToDoItem.swift */ = {isa = PBXFileReference; lastKnownFileType = sourcecode.swift; path = ToDoItem.swift; sourceTree = "<group>"; };
		1C2860AD28AEA2C000C9A60E /* Location.swift */ = {isa = PBXFileReference; lastKnownFileType = sourcecode.swift; path = Location.swift; sourceTree = "<group>"; };
		1C2860AF28AEAC0100C9A60E /* LocationTests.swift */ = {isa = PBXFileReference; lastKnownFileType = sourcecode.swift; path = LocationTests.swift; sourceTree = "<group>"; };
		1C803D8828AC18CB005A12B1 /* ToDo.app */ = {isa = PBXFileReference; explicitFileType = wrapper.application; includeInIndex = 0; path = ToDo.app; sourceTree = BUILT_PRODUCTS_DIR; };
		1C803D8B28AC18CB005A12B1 /* AppDelegate.swift */ = {isa = PBXFileReference; lastKnownFileType = sourcecode.swift; path = AppDelegate.swift; sourceTree = "<group>"; };
		1C803D8D28AC18CB005A12B1 /* SceneDelegate.swift */ = {isa = PBXFileReference; lastKnownFileType = sourcecode.swift; path = SceneDelegate.swift; sourceTree = "<group>"; };
		1C803D8F28AC18CB005A12B1 /* ViewController.swift */ = {isa = PBXFileReference; lastKnownFileType = sourcecode.swift; path = ViewController.swift; sourceTree = "<group>"; };
		1C803D9228AC18CB005A12B1 /* Base */ = {isa = PBXFileReference; lastKnownFileType = file.storyboard; name = Base; path = Base.lproj/Main.storyboard; sourceTree = "<group>"; };
		1C803D9428AC18CE005A12B1 /* Assets.xcassets */ = {isa = PBXFileReference; lastKnownFileType = folder.assetcatalog; path = Assets.xcassets; sourceTree = "<group>"; };
		1C803D9728AC18CE005A12B1 /* Base */ = {isa = PBXFileReference; lastKnownFileType = file.storyboard; name = Base; path = Base.lproj/LaunchScreen.storyboard; sourceTree = "<group>"; };
		1C803D9928AC18CE005A12B1 /* Info.plist */ = {isa = PBXFileReference; lastKnownFileType = text.plist.xml; path = Info.plist; sourceTree = "<group>"; };
		1C803D9E28AC18CE005A12B1 /* ToDoTests.xctest */ = {isa = PBXFileReference; explicitFileType = wrapper.cfbundle; includeInIndex = 0; path = ToDoTests.xctest; sourceTree = BUILT_PRODUCTS_DIR; };
		1C803DA828AC18CE005A12B1 /* ToDoUITests.xctest */ = {isa = PBXFileReference; explicitFileType = wrapper.cfbundle; includeInIndex = 0; path = ToDoUITests.xctest; sourceTree = BUILT_PRODUCTS_DIR; };
		1C803DAC28AC18CE005A12B1 /* ToDoUITests.swift */ = {isa = PBXFileReference; lastKnownFileType = sourcecode.swift; path = ToDoUITests.swift; sourceTree = "<group>"; };
		1C803DAE28AC18CF005A12B1 /* ToDoUITestsLaunchTests.swift */ = {isa = PBXFileReference; lastKnownFileType = sourcecode.swift; path = ToDoUITestsLaunchTests.swift; sourceTree = "<group>"; };
		1CB5811128AFDDB1002B7D20 /* ToDoItemStoreTests.swift */ = {isa = PBXFileReference; lastKnownFileType = sourcecode.swift; path = ToDoItemStoreTests.swift; sourceTree = "<group>"; };
		1CB5811328AFDE84002B7D20 /* ToDoItemStore.swift */ = {isa = PBXFileReference; lastKnownFileType = sourcecode.swift; path = ToDoItemStore.swift; sourceTree = "<group>"; };
		1CB5811528B14463002B7D20 /* Coordinate.swift */ = {isa = PBXFileReference; lastKnownFileType = sourcecode.swift; path = Coordinate.swift; sourceTree = "<group>"; };
		1CB5811728B14A6B002B7D20 /* FileManagerExtension.swift */ = {isa = PBXFileReference; lastKnownFileType = sourcecode.swift; path = FileManagerExtension.swift; sourceTree = "<group>"; };
/* End PBXFileReference section */

/* Begin PBXFrameworksBuildPhase section */
		1C803D8528AC18CB005A12B1 /* Frameworks */ = {
			isa = PBXFrameworksBuildPhase;
			buildActionMask = 2147483647;
			files = (
			);
			runOnlyForDeploymentPostprocessing = 0;
		};
		1C803D9B28AC18CE005A12B1 /* Frameworks */ = {
			isa = PBXFrameworksBuildPhase;
			buildActionMask = 2147483647;
			files = (
			);
			runOnlyForDeploymentPostprocessing = 0;
		};
		1C803DA528AC18CE005A12B1 /* Frameworks */ = {
			isa = PBXFrameworksBuildPhase;
			buildActionMask = 2147483647;
			files = (
			);
			runOnlyForDeploymentPostprocessing = 0;
		};
/* End PBXFrameworksBuildPhase section */

/* Begin PBXGroup section */
		1C803D7F28AC18CB005A12B1 = {
			isa = PBXGroup;
			children = (
				1C803D8A28AC18CB005A12B1 /* ToDo */,
				1C803DA128AC18CE005A12B1 /* ToDoTests */,
				1C803DAB28AC18CE005A12B1 /* ToDoUITests */,
				1C803D8928AC18CB005A12B1 /* Products */,
			);
			sourceTree = "<group>";
		};
		1C803D8928AC18CB005A12B1 /* Products */ = {
			isa = PBXGroup;
			children = (
				1C803D8828AC18CB005A12B1 /* ToDo.app */,
				1C803D9E28AC18CE005A12B1 /* ToDoTests.xctest */,
				1C803DA828AC18CE005A12B1 /* ToDoUITests.xctest */,
			);
			name = Products;
			sourceTree = "<group>";
		};
		1C803D8A28AC18CB005A12B1 /* ToDo */ = {
			isa = PBXGroup;
			children = (
				1C803D8B28AC18CB005A12B1 /* AppDelegate.swift */,
				1C803D8D28AC18CB005A12B1 /* SceneDelegate.swift */,
				1C803D8F28AC18CB005A12B1 /* ViewController.swift */,
				1C803D9128AC18CB005A12B1 /* Main.storyboard */,
				1C803D9428AC18CE005A12B1 /* Assets.xcassets */,
				1C803D9628AC18CE005A12B1 /* LaunchScreen.storyboard */,
				1C803D9928AC18CE005A12B1 /* Info.plist */,
				1C2860AB28AE860300C9A60E /* ToDoItem.swift */,
				1C2860AD28AEA2C000C9A60E /* Location.swift */,
				1CB5811328AFDE84002B7D20 /* ToDoItemStore.swift */,
				1CB5811528B14463002B7D20 /* Coordinate.swift */,
				1CB5811728B14A6B002B7D20 /* FileManagerExtension.swift */,
			);
			path = ToDo;
			sourceTree = "<group>";
		};
		1C803DA128AC18CE005A12B1 /* ToDoTests */ = {
			isa = PBXGroup;
			children = (
				1C2860A928AE850E00C9A60E /* ToDoItemTests.swift */,
				1C2860AF28AEAC0100C9A60E /* LocationTests.swift */,
				1CB5811128AFDDB1002B7D20 /* ToDoItemStoreTests.swift */,
			);
			path = ToDoTests;
			sourceTree = "<group>";
		};
		1C803DAB28AC18CE005A12B1 /* ToDoUITests */ = {
			isa = PBXGroup;
			children = (
				1C803DAC28AC18CE005A12B1 /* ToDoUITests.swift */,
				1C803DAE28AC18CF005A12B1 /* ToDoUITestsLaunchTests.swift */,
			);
			path = ToDoUITests;
			sourceTree = "<group>";
		};
/* End PBXGroup section */

/* Begin PBXNativeTarget section */
		1C803D8728AC18CB005A12B1 /* ToDo */ = {
			isa = PBXNativeTarget;
			buildConfigurationList = 1C803DB228AC18CF005A12B1 /* Build configuration list for PBXNativeTarget "ToDo" */;
			buildPhases = (
				1C803D8428AC18CB005A12B1 /* Sources */,
				1C803D8528AC18CB005A12B1 /* Frameworks */,
				1C803D8628AC18CB005A12B1 /* Resources */,
			);
			buildRules = (
			);
			dependencies = (
			);
			name = ToDo;
			productName = ToDo;
			productReference = 1C803D8828AC18CB005A12B1 /* ToDo.app */;
			productType = "com.apple.product-type.application";
		};
		1C803D9D28AC18CE005A12B1 /* ToDoTests */ = {
			isa = PBXNativeTarget;
			buildConfigurationList = 1C803DB528AC18CF005A12B1 /* Build configuration list for PBXNativeTarget "ToDoTests" */;
			buildPhases = (
				1C803D9A28AC18CE005A12B1 /* Sources */,
				1C803D9B28AC18CE005A12B1 /* Frameworks */,
				1C803D9C28AC18CE005A12B1 /* Resources */,
			);
			buildRules = (
			);
			dependencies = (
				1C803DA028AC18CE005A12B1 /* PBXTargetDependency */,
			);
			name = ToDoTests;
			productName = ToDoTests;
			productReference = 1C803D9E28AC18CE005A12B1 /* ToDoTests.xctest */;
			productType = "com.apple.product-type.bundle.unit-test";
		};
		1C803DA728AC18CE005A12B1 /* ToDoUITests */ = {
			isa = PBXNativeTarget;
			buildConfigurationList = 1C803DB828AC18CF005A12B1 /* Build configuration list for PBXNativeTarget "ToDoUITests" */;
			buildPhases = (
				1C803DA428AC18CE005A12B1 /* Sources */,
				1C803DA528AC18CE005A12B1 /* Frameworks */,
				1C803DA628AC18CE005A12B1 /* Resources */,
			);
			buildRules = (
			);
			dependencies = (
				1C803DAA28AC18CE005A12B1 /* PBXTargetDependency */,
			);
			name = ToDoUITests;
			productName = ToDoUITests;
			productReference = 1C803DA828AC18CE005A12B1 /* ToDoUITests.xctest */;
			productType = "com.apple.product-type.bundle.ui-testing";
		};
/* End PBXNativeTarget section */

/* Begin PBXProject section */
		1C803D8028AC18CB005A12B1 /* Project object */ = {
			isa = PBXProject;
			attributes = {
				BuildIndependentTargetsInParallel = 1;
				LastSwiftUpdateCheck = 1340;
				LastUpgradeCheck = 1340;
				TargetAttributes = {
					1C803D8728AC18CB005A12B1 = {
						CreatedOnToolsVersion = 13.4.1;
					};
					1C803D9D28AC18CE005A12B1 = {
						CreatedOnToolsVersion = 13.4.1;
						TestTargetID = 1C803D8728AC18CB005A12B1;
					};
					1C803DA728AC18CE005A12B1 = {
						CreatedOnToolsVersion = 13.4.1;
						TestTargetID = 1C803D8728AC18CB005A12B1;
					};
				};
			};
			buildConfigurationList = 1C803D8328AC18CB005A12B1 /* Build configuration list for PBXProject "ToDo" */;
			compatibilityVersion = "Xcode 13.0";
			developmentRegion = en;
			hasScannedForEncodings = 0;
			knownRegions = (
				en,
				Base,
			);
			mainGroup = 1C803D7F28AC18CB005A12B1;
			productRefGroup = 1C803D8928AC18CB005A12B1 /* Products */;
			projectDirPath = "";
			projectRoot = "";
			targets = (
				1C803D8728AC18CB005A12B1 /* ToDo */,
				1C803D9D28AC18CE005A12B1 /* ToDoTests */,
				1C803DA728AC18CE005A12B1 /* ToDoUITests */,
			);
		};
/* End PBXProject section */

/* Begin PBXResourcesBuildPhase section */
		1C803D8628AC18CB005A12B1 /* Resources */ = {
			isa = PBXResourcesBuildPhase;
			buildActionMask = 2147483647;
			files = (
				1C803D9828AC18CE005A12B1 /* LaunchScreen.storyboard in Resources */,
				1C803D9528AC18CE005A12B1 /* Assets.xcassets in Resources */,
				1C803D9328AC18CB005A12B1 /* Main.storyboard in Resources */,
			);
			runOnlyForDeploymentPostprocessing = 0;
		};
		1C803D9C28AC18CE005A12B1 /* Resources */ = {
			isa = PBXResourcesBuildPhase;
			buildActionMask = 2147483647;
			files = (
			);
			runOnlyForDeploymentPostprocessing = 0;
		};
		1C803DA628AC18CE005A12B1 /* Resources */ = {
			isa = PBXResourcesBuildPhase;
			buildActionMask = 2147483647;
			files = (
			);
			runOnlyForDeploymentPostprocessing = 0;
		};
/* End PBXResourcesBuildPhase section */

/* Begin PBXSourcesBuildPhase section */
		1C803D8428AC18CB005A12B1 /* Sources */ = {
			isa = PBXSourcesBuildPhase;
			buildActionMask = 2147483647;
			files = (
				1CB5811628B14463002B7D20 /* Coordinate.swift in Sources */,
				1C803D9028AC18CB005A12B1 /* ViewController.swift in Sources */,
				1C803D8C28AC18CB005A12B1 /* AppDelegate.swift in Sources */,
				1C2860AE28AEA2C000C9A60E /* Location.swift in Sources */,
				1C2860AC28AE860300C9A60E /* ToDoItem.swift in Sources */,
				1CB5811828B14A6B002B7D20 /* FileManagerExtension.swift in Sources */,
				1CB5811428AFDE84002B7D20 /* ToDoItemStore.swift in Sources */,
				1C803D8E28AC18CB005A12B1 /* SceneDelegate.swift in Sources */,
			);
			runOnlyForDeploymentPostprocessing = 0;
		};
		1C803D9A28AC18CE005A12B1 /* Sources */ = {
			isa = PBXSourcesBuildPhase;
			buildActionMask = 2147483647;
			files = (
				1CB5811228AFDDB1002B7D20 /* ToDoItemStoreTests.swift in Sources */,
				1C2860B028AEAC0100C9A60E /* LocationTests.swift in Sources */,
				1C2860AA28AE850E00C9A60E /* ToDoItemTests.swift in Sources */,
			);
			runOnlyForDeploymentPostprocessing = 0;
		};
		1C803DA428AC18CE005A12B1 /* Sources */ = {
			isa = PBXSourcesBuildPhase;
			buildActionMask = 2147483647;
			files = (
				1C803DAF28AC18CF005A12B1 /* ToDoUITestsLaunchTests.swift in Sources */,
				1C803DAD28AC18CE005A12B1 /* ToDoUITests.swift in Sources */,
			);
			runOnlyForDeploymentPostprocessing = 0;
		};
/* End PBXSourcesBuildPhase section */

/* Begin PBXTargetDependency section */
		1C803DA028AC18CE005A12B1 /* PBXTargetDependency */ = {
			isa = PBXTargetDependency;
			target = 1C803D8728AC18CB005A12B1 /* ToDo */;
			targetProxy = 1C803D9F28AC18CE005A12B1 /* PBXContainerItemProxy */;
		};
		1C803DAA28AC18CE005A12B1 /* PBXTargetDependency */ = {
			isa = PBXTargetDependency;
			target = 1C803D8728AC18CB005A12B1 /* ToDo */;
			targetProxy = 1C803DA928AC18CE005A12B1 /* PBXContainerItemProxy */;
		};
/* End PBXTargetDependency section */

/* Begin PBXVariantGroup section */
		1C803D9128AC18CB005A12B1 /* Main.storyboard */ = {
			isa = PBXVariantGroup;
			children = (
				1C803D9228AC18CB005A12B1 /* Base */,
			);
			name = Main.storyboard;
			sourceTree = "<group>";
		};
		1C803D9628AC18CE005A12B1 /* LaunchScreen.storyboard */ = {
			isa = PBXVariantGroup;
			children = (
				1C803D9728AC18CE005A12B1 /* Base */,
			);
			name = LaunchScreen.storyboard;
			sourceTree = "<group>";
		};
/* End PBXVariantGroup section */

/* Begin XCBuildConfiguration section */
		1C803DB028AC18CF005A12B1 /* Debug */ = {
			isa = XCBuildConfiguration;
			buildSettings = {
				ALWAYS_SEARCH_USER_PATHS = NO;
				CLANG_ANALYZER_NONNULL = YES;
				CLANG_ANALYZER_NUMBER_OBJECT_CONVERSION = YES_AGGRESSIVE;
				CLANG_CXX_LANGUAGE_STANDARD = "gnu++17";
				CLANG_ENABLE_MODULES = YES;
				CLANG_ENABLE_OBJC_ARC = YES;
				CLANG_ENABLE_OBJC_WEAK = YES;
				CLANG_WARN_BLOCK_CAPTURE_AUTORELEASING = YES;
				CLANG_WARN_BOOL_CONVERSION = YES;
				CLANG_WARN_COMMA = YES;
				CLANG_WARN_CONSTANT_CONVERSION = YES;
				CLANG_WARN_DEPRECATED_OBJC_IMPLEMENTATIONS = YES;
				CLANG_WARN_DIRECT_OBJC_ISA_USAGE = YES_ERROR;
				CLANG_WARN_DOCUMENTATION_COMMENTS = YES;
				CLANG_WARN_EMPTY_BODY = YES;
				CLANG_WARN_ENUM_CONVERSION = YES;
				CLANG_WARN_INFINITE_RECURSION = YES;
				CLANG_WARN_INT_CONVERSION = YES;
				CLANG_WARN_NON_LITERAL_NULL_CONVERSION = YES;
				CLANG_WARN_OBJC_IMPLICIT_RETAIN_SELF = YES;
				CLANG_WARN_OBJC_LITERAL_CONVERSION = YES;
				CLANG_WARN_OBJC_ROOT_CLASS = YES_ERROR;
				CLANG_WARN_QUOTED_INCLUDE_IN_FRAMEWORK_HEADER = YES;
				CLANG_WARN_RANGE_LOOP_ANALYSIS = YES;
				CLANG_WARN_STRICT_PROTOTYPES = YES;
				CLANG_WARN_SUSPICIOUS_MOVE = YES;
				CLANG_WARN_UNGUARDED_AVAILABILITY = YES_AGGRESSIVE;
				CLANG_WARN_UNREACHABLE_CODE = YES;
				CLANG_WARN__DUPLICATE_METHOD_MATCH = YES;
				COPY_PHASE_STRIP = NO;
				DEBUG_INFORMATION_FORMAT = dwarf;
				ENABLE_STRICT_OBJC_MSGSEND = YES;
				ENABLE_TESTABILITY = YES;
				GCC_C_LANGUAGE_STANDARD = gnu11;
				GCC_DYNAMIC_NO_PIC = NO;
				GCC_NO_COMMON_BLOCKS = YES;
				GCC_OPTIMIZATION_LEVEL = 0;
				GCC_PREPROCESSOR_DEFINITIONS = (
					"DEBUG=1",
					"$(inherited)",
				);
				GCC_WARN_64_TO_32_BIT_CONVERSION = YES;
				GCC_WARN_ABOUT_RETURN_TYPE = YES_ERROR;
				GCC_WARN_UNDECLARED_SELECTOR = YES;
				GCC_WARN_UNINITIALIZED_AUTOS = YES_AGGRESSIVE;
				GCC_WARN_UNUSED_FUNCTION = YES;
				GCC_WARN_UNUSED_VARIABLE = YES;
				IPHONEOS_DEPLOYMENT_TARGET = 15.5;
				MTL_ENABLE_DEBUG_INFO = INCLUDE_SOURCE;
				MTL_FAST_MATH = YES;
				ONLY_ACTIVE_ARCH = YES;
				SDKROOT = iphoneos;
				SWIFT_ACTIVE_COMPILATION_CONDITIONS = DEBUG;
				SWIFT_OPTIMIZATION_LEVEL = "-Onone";
			};
			name = Debug;
		};
		1C803DB128AC18CF005A12B1 /* Release */ = {
			isa = XCBuildConfiguration;
			buildSettings = {
				ALWAYS_SEARCH_USER_PATHS = NO;
				CLANG_ANALYZER_NONNULL = YES;
				CLANG_ANALYZER_NUMBER_OBJECT_CONVERSION = YES_AGGRESSIVE;
				CLANG_CXX_LANGUAGE_STANDARD = "gnu++17";
				CLANG_ENABLE_MODULES = YES;
				CLANG_ENABLE_OBJC_ARC = YES;
				CLANG_ENABLE_OBJC_WEAK = YES;
				CLANG_WARN_BLOCK_CAPTURE_AUTORELEASING = YES;
				CLANG_WARN_BOOL_CONVERSION = YES;
				CLANG_WARN_COMMA = YES;
				CLANG_WARN_CONSTANT_CONVERSION = YES;
				CLANG_WARN_DEPRECATED_OBJC_IMPLEMENTATIONS = YES;
				CLANG_WARN_DIRECT_OBJC_ISA_USAGE = YES_ERROR;
				CLANG_WARN_DOCUMENTATION_COMMENTS = YES;
				CLANG_WARN_EMPTY_BODY = YES;
				CLANG_WARN_ENUM_CONVERSION = YES;
				CLANG_WARN_INFINITE_RECURSION = YES;
				CLANG_WARN_INT_CONVERSION = YES;
				CLANG_WARN_NON_LITERAL_NULL_CONVERSION = YES;
				CLANG_WARN_OBJC_IMPLICIT_RETAIN_SELF = YES;
				CLANG_WARN_OBJC_LITERAL_CONVERSION = YES;
				CLANG_WARN_OBJC_ROOT_CLASS = YES_ERROR;
				CLANG_WARN_QUOTED_INCLUDE_IN_FRAMEWORK_HEADER = YES;
				CLANG_WARN_RANGE_LOOP_ANALYSIS = YES;
				CLANG_WARN_STRICT_PROTOTYPES = YES;
				CLANG_WARN_SUSPICIOUS_MOVE = YES;
				CLANG_WARN_UNGUARDED_AVAILABILITY = YES_AGGRESSIVE;
				CLANG_WARN_UNREACHABLE_CODE = YES;
				CLANG_WARN__DUPLICATE_METHOD_MATCH = YES;
				COPY_PHASE_STRIP = NO;
				DEBUG_INFORMATION_FORMAT = "dwarf-with-dsym";
				ENABLE_NS_ASSERTIONS = NO;
				ENABLE_STRICT_OBJC_MSGSEND = YES;
				GCC_C_LANGUAGE_STANDARD = gnu11;
				GCC_NO_COMMON_BLOCKS = YES;
				GCC_WARN_64_TO_32_BIT_CONVERSION = YES;
				GCC_WARN_ABOUT_RETURN_TYPE = YES_ERROR;
				GCC_WARN_UNDECLARED_SELECTOR = YES;
				GCC_WARN_UNINITIALIZED_AUTOS = YES_AGGRESSIVE;
				GCC_WARN_UNUSED_FUNCTION = YES;
				GCC_WARN_UNUSED_VARIABLE = YES;
				IPHONEOS_DEPLOYMENT_TARGET = 15.5;
				MTL_ENABLE_DEBUG_INFO = NO;
				MTL_FAST_MATH = YES;
				SDKROOT = iphoneos;
				SWIFT_COMPILATION_MODE = wholemodule;
				SWIFT_OPTIMIZATION_LEVEL = "-O";
				VALIDATE_PRODUCT = YES;
			};
			name = Release;
		};
		1C803DB328AC18CF005A12B1 /* Debug */ = {
			isa = XCBuildConfiguration;
			buildSettings = {
				ASSETCATALOG_COMPILER_APPICON_NAME = AppIcon;
				ASSETCATALOG_COMPILER_GLOBAL_ACCENT_COLOR_NAME = AccentColor;
				CODE_SIGN_STYLE = Automatic;
				CURRENT_PROJECT_VERSION = 1;
				DEVELOPMENT_TEAM = T2VL29ER23;
				GENERATE_INFOPLIST_FILE = YES;
				INFOPLIST_FILE = ToDo/Info.plist;
				INFOPLIST_KEY_UIApplicationSupportsIndirectInputEvents = YES;
				INFOPLIST_KEY_UILaunchStoryboardName = LaunchScreen;
				INFOPLIST_KEY_UIMainStoryboardFile = Main;
				INFOPLIST_KEY_UISupportedInterfaceOrientations_iPad = "UIInterfaceOrientationPortrait UIInterfaceOrientationPortraitUpsideDown UIInterfaceOrientationLandscapeLeft UIInterfaceOrientationLandscapeRight";
				INFOPLIST_KEY_UISupportedInterfaceOrientations_iPhone = "UIInterfaceOrientationPortrait UIInterfaceOrientationLandscapeLeft UIInterfaceOrientationLandscapeRight";
				LD_RUNPATH_SEARCH_PATHS = (
					"$(inherited)",
					"@executable_path/Frameworks",
				);
				MARKETING_VERSION = 1.0;
				PRODUCT_BUNDLE_IDENTIFIER = com.leon.ToDo;
				PRODUCT_NAME = "$(TARGET_NAME)";
				SWIFT_EMIT_LOC_STRINGS = YES;
				SWIFT_VERSION = 5.0;
				TARGETED_DEVICE_FAMILY = "1,2";
			};
			name = Debug;
		};
		1C803DB428AC18CF005A12B1 /* Release */ = {
			isa = XCBuildConfiguration;
			buildSettings = {
				ASSETCATALOG_COMPILER_APPICON_NAME = AppIcon;
				ASSETCATALOG_COMPILER_GLOBAL_ACCENT_COLOR_NAME = AccentColor;
				CODE_SIGN_STYLE = Automatic;
				CURRENT_PROJECT_VERSION = 1;
				DEVELOPMENT_TEAM = T2VL29ER23;
				GENERATE_INFOPLIST_FILE = YES;
				INFOPLIST_FILE = ToDo/Info.plist;
				INFOPLIST_KEY_UIApplicationSupportsIndirectInputEvents = YES;
				INFOPLIST_KEY_UILaunchStoryboardName = LaunchScreen;
				INFOPLIST_KEY_UIMainStoryboardFile = Main;
				INFOPLIST_KEY_UISupportedInterfaceOrientations_iPad = "UIInterfaceOrientationPortrait UIInterfaceOrientationPortraitUpsideDown UIInterfaceOrientationLandscapeLeft UIInterfaceOrientationLandscapeRight";
				INFOPLIST_KEY_UISupportedInterfaceOrientations_iPhone = "UIInterfaceOrientationPortrait UIInterfaceOrientationLandscapeLeft UIInterfaceOrientationLandscapeRight";
				LD_RUNPATH_SEARCH_PATHS = (
					"$(inherited)",
					"@executable_path/Frameworks",
				);
				MARKETING_VERSION = 1.0;
				PRODUCT_BUNDLE_IDENTIFIER = com.leon.ToDo;
				PRODUCT_NAME = "$(TARGET_NAME)";
				SWIFT_EMIT_LOC_STRINGS = YES;
				SWIFT_VERSION = 5.0;
				TARGETED_DEVICE_FAMILY = "1,2";
			};
			name = Release;
		};
		1C803DB628AC18CF005A12B1 /* Debug */ = {
			isa = XCBuildConfiguration;
			buildSettings = {
				ALWAYS_EMBED_SWIFT_STANDARD_LIBRARIES = YES;
				BUNDLE_LOADER = "$(TEST_HOST)";
				CODE_SIGN_STYLE = Automatic;
				CURRENT_PROJECT_VERSION = 1;
				DEVELOPMENT_TEAM = T2VL29ER23;
				GENERATE_INFOPLIST_FILE = YES;
				IPHONEOS_DEPLOYMENT_TARGET = 15.5;
				MARKETING_VERSION = 1.0;
				PRODUCT_BUNDLE_IDENTIFIER = com.leon.ToDoTests;
				PRODUCT_NAME = "$(TARGET_NAME)";
				SWIFT_EMIT_LOC_STRINGS = NO;
				SWIFT_VERSION = 5.0;
				TARGETED_DEVICE_FAMILY = "1,2";
				TEST_HOST = "$(BUILT_PRODUCTS_DIR)/ToDo.app/ToDo";
			};
			name = Debug;
		};
		1C803DB728AC18CF005A12B1 /* Release */ = {
			isa = XCBuildConfiguration;
			buildSettings = {
				ALWAYS_EMBED_SWIFT_STANDARD_LIBRARIES = YES;
				BUNDLE_LOADER = "$(TEST_HOST)";
				CODE_SIGN_STYLE = Automatic;
				CURRENT_PROJECT_VERSION = 1;
				DEVELOPMENT_TEAM = T2VL29ER23;
				GENERATE_INFOPLIST_FILE = YES;
				IPHONEOS_DEPLOYMENT_TARGET = 15.5;
				MARKETING_VERSION = 1.0;
				PRODUCT_BUNDLE_IDENTIFIER = com.leon.ToDoTests;
				PRODUCT_NAME = "$(TARGET_NAME)";
				SWIFT_EMIT_LOC_STRINGS = NO;
				SWIFT_VERSION = 5.0;
				TARGETED_DEVICE_FAMILY = "1,2";
				TEST_HOST = "$(BUILT_PRODUCTS_DIR)/ToDo.app/ToDo";
			};
			name = Release;
		};
		1C803DB928AC18CF005A12B1 /* Debug */ = {
			isa = XCBuildConfiguration;
			buildSettings = {
				ALWAYS_EMBED_SWIFT_STANDARD_LIBRARIES = YES;
				CODE_SIGN_STYLE = Automatic;
				CURRENT_PROJECT_VERSION = 1;
				DEVELOPMENT_TEAM = T2VL29ER23;
				GENERATE_INFOPLIST_FILE = YES;
				MARKETING_VERSION = 1.0;
				PRODUCT_BUNDLE_IDENTIFIER = com.leon.ToDoUITests;
				PRODUCT_NAME = "$(TARGET_NAME)";
				SWIFT_EMIT_LOC_STRINGS = NO;
				SWIFT_VERSION = 5.0;
				TARGETED_DEVICE_FAMILY = "1,2";
				TEST_TARGET_NAME = ToDo;
			};
			name = Debug;
		};
		1C803DBA28AC18CF005A12B1 /* Release */ = {
			isa = XCBuildConfiguration;
			buildSettings = {
				ALWAYS_EMBED_SWIFT_STANDARD_LIBRARIES = YES;
				CODE_SIGN_STYLE = Automatic;
				CURRENT_PROJECT_VERSION = 1;
				DEVELOPMENT_TEAM = T2VL29ER23;
				GENERATE_INFOPLIST_FILE = YES;
				MARKETING_VERSION = 1.0;
				PRODUCT_BUNDLE_IDENTIFIER = com.leon.ToDoUITests;
				PRODUCT_NAME = "$(TARGET_NAME)";
				SWIFT_EMIT_LOC_STRINGS = NO;
				SWIFT_VERSION = 5.0;
				TARGETED_DEVICE_FAMILY = "1,2";
				TEST_TARGET_NAME = ToDo;
			};
			name = Release;
		};
/* End XCBuildConfiguration section */

/* Begin XCConfigurationList section */
		1C803D8328AC18CB005A12B1 /* Build configuration list for PBXProject "ToDo" */ = {
			isa = XCConfigurationList;
			buildConfigurations = (
				1C803DB028AC18CF005A12B1 /* Debug */,
				1C803DB128AC18CF005A12B1 /* Release */,
			);
			defaultConfigurationIsVisible = 0;
			defaultConfigurationName = Release;
		};
		1C803DB228AC18CF005A12B1 /* Build configuration list for PBXNativeTarget "ToDo" */ = {
			isa = XCConfigurationList;
			buildConfigurations = (
				1C803DB328AC18CF005A12B1 /* Debug */,
				1C803DB428AC18CF005A12B1 /* Release */,
			);
			defaultConfigurationIsVisible = 0;
			defaultConfigurationName = Release;
		};
		1C803DB528AC18CF005A12B1 /* Build configuration list for PBXNativeTarget "ToDoTests" */ = {
			isa = XCConfigurationList;
			buildConfigurations = (
				1C803DB628AC18CF005A12B1 /* Debug */,
				1C803DB728AC18CF005A12B1 /* Release */,
			);
			defaultConfigurationIsVisible = 0;
			defaultConfigurationName = Release;
		};
		1C803DB828AC18CF005A12B1 /* Build configuration list for PBXNativeTarget "ToDoUITests" */ = {
			isa = XCConfigurationList;
			buildConfigurations = (
				1C803DB928AC18CF005A12B1 /* Debug */,
				1C803DBA28AC18CF005A12B1 /* Release */,
			);
			defaultConfigurationIsVisible = 0;
			defaultConfigurationName = Release;
		};
/* End XCConfigurationList section */
	};
	rootObject = 1C803D8028AC18CB005A12B1 /* Project object */;
}
